{
  "name": "benjamin",
  "version": "1.0.0",
  "lockfileVersion": 3,
  "requires": true,
  "packages": {
    "": {
      "name": "benjamin",
      "version": "1.0.0",
      "license": "ISC",
      "dependencies": {
        "fuser": "^2.0.0"
      }
    },
    "node_modules/fuser": {
      "version": "2.0.0",
      "resolved": "https://registry.npmjs.org/fuser/-/fuser-2.0.0.tgz",
      "integrity": "sha512-yW1UbHZQEQiB2BAzEfoBJ4FQQvqYIIwnS+ocrHj/Eatwfc/0y6iK+1LQigilxJ2Qp9Z+KwK0pQuNHelFXCx+wg==",
      "deprecated": "Package no longer supported. Contact support@npmjs.com for more info."
    }
  }
}
